// !$*UTF8*$!
{
	archiveVersion = 1;
	classes = {
	};
	objectVersion = 48;
	objects = {

/* Begin PBXBuildFile section */
		3F4795FC1F5EA5F9003CCCC0 /* AppDelegate.swift in Sources */ = {isa = PBXBuildFile; fileRef = 3F4795FB1F5EA5F9003CCCC0 /* AppDelegate.swift */; };
		3F4796031F5EA5F9003CCCC0 /* Assets.xcassets in Resources */ = {isa = PBXBuildFile; fileRef = 3F4796021F5EA5F9003CCCC0 /* Assets.xcassets */; };
		3F4796061F5EA5F9003CCCC0 /* LaunchScreen.storyboard in Resources */ = {isa = PBXBuildFile; fileRef = 3F4796041F5EA5F9003CCCC0 /* LaunchScreen.storyboard */; };
		3F4796111F5EA5FA003CCCC0 /* ControllerTransitionsTests.swift in Sources */ = {isa = PBXBuildFile; fileRef = 3F4796101F5EA5FA003CCCC0 /* ControllerTransitionsTests.swift */; };
		3F47961C1F5EA5FA003CCCC0 /* ControllerTransitionsUITests.swift in Sources */ = {isa = PBXBuildFile; fileRef = 3F47961B1F5EA5FA003CCCC0 /* ControllerTransitionsUITests.swift */; };
		3F47962F1F5EA62A003CCCC0 /* ViewControllerB.swift in Sources */ = {isa = PBXBuildFile; fileRef = 3F47962D1F5EA62A003CCCC0 /* ViewControllerB.swift */; };
		3F4796301F5EA62A003CCCC0 /* ViewControllerB.xib in Resources */ = {isa = PBXBuildFile; fileRef = 3F47962E1F5EA62A003CCCC0 /* ViewControllerB.xib */; };
		3F4796331F5EA633003CCCC0 /* ViewControllerC.swift in Sources */ = {isa = PBXBuildFile; fileRef = 3F4796311F5EA633003CCCC0 /* ViewControllerC.swift */; };
		3F4796341F5EA633003CCCC0 /* ViewControllerC.xib in Resources */ = {isa = PBXBuildFile; fileRef = 3F4796321F5EA633003CCCC0 /* ViewControllerC.xib */; };
		3F4796371F5EA63F003CCCC0 /* ViewControllerD.swift in Sources */ = {isa = PBXBuildFile; fileRef = 3F4796351F5EA63F003CCCC0 /* ViewControllerD.swift */; };
		3F4796381F5EA63F003CCCC0 /* ViewControllerD.xib in Resources */ = {isa = PBXBuildFile; fileRef = 3F4796361F5EA63F003CCCC0 /* ViewControllerD.xib */; };
		3F47963B1F5EBBF4003CCCC0 /* ViewControllerA.swift in Sources */ = {isa = PBXBuildFile; fileRef = 3F4796391F5EBBF4003CCCC0 /* ViewControllerA.swift */; };
		3F47963C1F5EBBF4003CCCC0 /* ViewControllerA.xib in Resources */ = {isa = PBXBuildFile; fileRef = 3F47963A1F5EBBF4003CCCC0 /* ViewControllerA.xib */; };
/* End PBXBuildFile section */

/* Begin PBXContainerItemProxy section */
		3F47960D1F5EA5FA003CCCC0 /* PBXContainerItemProxy */ = {
			isa = PBXContainerItemProxy;
			containerPortal = 3F4795F01F5EA5F9003CCCC0 /* Project object */;
			proxyType = 1;
			remoteGlobalIDString = 3F4795F71F5EA5F9003CCCC0;
			remoteInfo = ControllerTransitions;
		};
		3F4796181F5EA5FA003CCCC0 /* PBXContainerItemProxy */ = {
			isa = PBXContainerItemProxy;
			containerPortal = 3F4795F01F5EA5F9003CCCC0 /* Project object */;
			proxyType = 1;
			remoteGlobalIDString = 3F4795F71F5EA5F9003CCCC0;
			remoteInfo = ControllerTransitions;
		};
/* End PBXContainerItemProxy section */

/* Begin PBXFileReference section */
		3F4795F81F5EA5F9003CCCC0 /* ControllerTransitions.app */ = {isa = PBXFileReference; explicitFileType = wrapper.application; includeInIndex = 0; path = ControllerTransitions.app; sourceTree = BUILT_PRODUCTS_DIR; };
		3F4795FB1F5EA5F9003CCCC0 /* AppDelegate.swift */ = {isa = PBXFileReference; lastKnownFileType = sourcecode.swift; path = AppDelegate.swift; sourceTree = "<group>"; };
		3F4796021F5EA5F9003CCCC0 /* Assets.xcassets */ = {isa = PBXFileReference; lastKnownFileType = folder.assetcatalog; path = Assets.xcassets; sourceTree = "<group>"; };
		3F4796051F5EA5F9003CCCC0 /* Base */ = {isa = PBXFileReference; lastKnownFileType = file.storyboard; name = Base; path = Base.lproj/LaunchScreen.storyboard; sourceTree = "<group>"; };
		3F4796071F5EA5F9003CCCC0 /* Info.plist */ = {isa = PBXFileReference; lastKnownFileType = text.plist.xml; path = Info.plist; sourceTree = "<group>"; };
		3F47960C1F5EA5FA003CCCC0 /* ControllerTransitionsTests.xctest */ = {isa = PBXFileReference; explicitFileType = wrapper.cfbundle; includeInIndex = 0; path = ControllerTransitionsTests.xctest; sourceTree = BUILT_PRODUCTS_DIR; };
		3F4796101F5EA5FA003CCCC0 /* ControllerTransitionsTests.swift */ = {isa = PBXFileReference; lastKnownFileType = sourcecode.swift; path = ControllerTransitionsTests.swift; sourceTree = "<group>"; };
		3F4796121F5EA5FA003CCCC0 /* Info.plist */ = {isa = PBXFileReference; lastKnownFileType = text.plist.xml; path = Info.plist; sourceTree = "<group>"; };
		3F4796171F5EA5FA003CCCC0 /* ControllerTransitionsUITests.xctest */ = {isa = PBXFileReference; explicitFileType = wrapper.cfbundle; includeInIndex = 0; path = ControllerTransitionsUITests.xctest; sourceTree = BUILT_PRODUCTS_DIR; };
		3F47961B1F5EA5FA003CCCC0 /* ControllerTransitionsUITests.swift */ = {isa = PBXFileReference; lastKnownFileType = sourcecode.swift; path = ControllerTransitionsUITests.swift; sourceTree = "<group>"; };
		3F47961D1F5EA5FA003CCCC0 /* Info.plist */ = {isa = PBXFileReference; lastKnownFileType = text.plist.xml; path = Info.plist; sourceTree = "<group>"; };
		3F47962D1F5EA62A003CCCC0 /* ViewControllerB.swift */ = {isa = PBXFileReference; lastKnownFileType = sourcecode.swift; path = ViewControllerB.swift; sourceTree = "<group>"; };
		3F47962E1F5EA62A003CCCC0 /* ViewControllerB.xib */ = {isa = PBXFileReference; lastKnownFileType = file.xib; path = ViewControllerB.xib; sourceTree = "<group>"; };
		3F4796311F5EA633003CCCC0 /* ViewControllerC.swift */ = {isa = PBXFileReference; lastKnownFileType = sourcecode.swift; path = ViewControllerC.swift; sourceTree = "<group>"; };
		3F4796321F5EA633003CCCC0 /* ViewControllerC.xib */ = {isa = PBXFileReference; lastKnownFileType = file.xib; path = ViewControllerC.xib; sourceTree = "<group>"; };
		3F4796351F5EA63F003CCCC0 /* ViewControllerD.swift */ = {isa = PBXFileReference; lastKnownFileType = sourcecode.swift; path = ViewControllerD.swift; sourceTree = "<group>"; };
		3F4796361F5EA63F003CCCC0 /* ViewControllerD.xib */ = {isa = PBXFileReference; lastKnownFileType = file.xib; path = ViewControllerD.xib; sourceTree = "<group>"; };
		3F4796391F5EBBF4003CCCC0 /* ViewControllerA.swift */ = {isa = PBXFileReference; lastKnownFileType = sourcecode.swift; path = ViewControllerA.swift; sourceTree = "<group>"; };
		3F47963A1F5EBBF4003CCCC0 /* ViewControllerA.xib */ = {isa = PBXFileReference; lastKnownFileType = file.xib; path = ViewControllerA.xib; sourceTree = "<group>"; };
/* End PBXFileReference section */

/* Begin PBXFrameworksBuildPhase section */
		3F4795F51F5EA5F9003CCCC0 /* Frameworks */ = {
			isa = PBXFrameworksBuildPhase;
			buildActionMask = 2147483647;
			files = (
			);
			runOnlyForDeploymentPostprocessing = 0;
		};
		3F4796091F5EA5FA003CCCC0 /* Frameworks */ = {
			isa = PBXFrameworksBuildPhase;
			buildActionMask = 2147483647;
			files = (
			);
			runOnlyForDeploymentPostprocessing = 0;
		};
		3F4796141F5EA5FA003CCCC0 /* Frameworks */ = {
			isa = PBXFrameworksBuildPhase;
			buildActionMask = 2147483647;
			files = (
			);
			runOnlyForDeploymentPostprocessing = 0;
		};
/* End PBXFrameworksBuildPhase section */

/* Begin PBXGroup section */
		3F4795EF1F5EA5F9003CCCC0 = {
			isa = PBXGroup;
			children = (
				3F4795FA1F5EA5F9003CCCC0 /* ControllerTransitions */,
				3F47960F1F5EA5FA003CCCC0 /* ControllerTransitionsTests */,
				3F47961A1F5EA5FA003CCCC0 /* ControllerTransitionsUITests */,
				3F4795F91F5EA5F9003CCCC0 /* Products */,
			);
			sourceTree = "<group>";
		};
		3F4795F91F5EA5F9003CCCC0 /* Products */ = {
			isa = PBXGroup;
			children = (
				3F4795F81F5EA5F9003CCCC0 /* ControllerTransitions.app */,
				3F47960C1F5EA5FA003CCCC0 /* ControllerTransitionsTests.xctest */,
				3F4796171F5EA5FA003CCCC0 /* ControllerTransitionsUITests.xctest */,
			);
			name = Products;
			sourceTree = "<group>";
		};
		3F4795FA1F5EA5F9003CCCC0 /* ControllerTransitions */ = {
			isa = PBXGroup;
			children = (
				3F4795FB1F5EA5F9003CCCC0 /* AppDelegate.swift */,
				3F4796021F5EA5F9003CCCC0 /* Assets.xcassets */,
				3F4796041F5EA5F9003CCCC0 /* LaunchScreen.storyboard */,
				3F4796071F5EA5F9003CCCC0 /* Info.plist */,
				3F4796391F5EBBF4003CCCC0 /* ViewControllerA.swift */,
				3F47963A1F5EBBF4003CCCC0 /* ViewControllerA.xib */,
				3F47962D1F5EA62A003CCCC0 /* ViewControllerB.swift */,
				3F47962E1F5EA62A003CCCC0 /* ViewControllerB.xib */,
				3F4796311F5EA633003CCCC0 /* ViewControllerC.swift */,
				3F4796321F5EA633003CCCC0 /* ViewControllerC.xib */,
				3F4796351F5EA63F003CCCC0 /* ViewControllerD.swift */,
				3F4796361F5EA63F003CCCC0 /* ViewControllerD.xib */,
			);
			path = ControllerTransitions;
			sourceTree = "<group>";
		};
		3F47960F1F5EA5FA003CCCC0 /* ControllerTransitionsTests */ = {
			isa = PBXGroup;
			children = (
				3F4796101F5EA5FA003CCCC0 /* ControllerTransitionsTests.swift */,
				3F4796121F5EA5FA003CCCC0 /* Info.plist */,
			);
			path = ControllerTransitionsTests;
			sourceTree = "<group>";
		};
		3F47961A1F5EA5FA003CCCC0 /* ControllerTransitionsUITests */ = {
			isa = PBXGroup;
			children = (
				3F47961B1F5EA5FA003CCCC0 /* ControllerTransitionsUITests.swift */,
				3F47961D1F5EA5FA003CCCC0 /* Info.plist */,
			);
			path = ControllerTransitionsUITests;
			sourceTree = "<group>";
		};
/* End PBXGroup section */

/* Begin PBXNativeTarget section */
		3F4795F71F5EA5F9003CCCC0 /* ControllerTransitions */ = {
			isa = PBXNativeTarget;
			buildConfigurationList = 3F4796201F5EA5FA003CCCC0 /* Build configuration list for PBXNativeTarget "ControllerTransitions" */;
			buildPhases = (
				3F4795F41F5EA5F9003CCCC0 /* Sources */,
				3F4795F51F5EA5F9003CCCC0 /* Frameworks */,
				3F4795F61F5EA5F9003CCCC0 /* Resources */,
			);
			buildRules = (
			);
			dependencies = (
			);
			name = ControllerTransitions;
			productName = ControllerTransitions;
			productReference = 3F4795F81F5EA5F9003CCCC0 /* ControllerTransitions.app */;
			productType = "com.apple.product-type.application";
		};
		3F47960B1F5EA5FA003CCCC0 /* ControllerTransitionsTests */ = {
			isa = PBXNativeTarget;
			buildConfigurationList = 3F4796231F5EA5FA003CCCC0 /* Build configuration list for PBXNativeTarget "ControllerTransitionsTests" */;
			buildPhases = (
				3F4796081F5EA5FA003CCCC0 /* Sources */,
				3F4796091F5EA5FA003CCCC0 /* Frameworks */,
				3F47960A1F5EA5FA003CCCC0 /* Resources */,
			);
			buildRules = (
			);
			dependencies = (
				3F47960E1F5EA5FA003CCCC0 /* PBXTargetDependency */,
			);
			name = ControllerTransitionsTests;
			productName = ControllerTransitionsTests;
			productReference = 3F47960C1F5EA5FA003CCCC0 /* ControllerTransitionsTests.xctest */;
			productType = "com.apple.product-type.bundle.unit-test";
		};
		3F4796161F5EA5FA003CCCC0 /* ControllerTransitionsUITests */ = {
			isa = PBXNativeTarget;
			buildConfigurationList = 3F4796261F5EA5FA003CCCC0 /* Build configuration list for PBXNativeTarget "ControllerTransitionsUITests" */;
			buildPhases = (
				3F4796131F5EA5FA003CCCC0 /* Sources */,
				3F4796141F5EA5FA003CCCC0 /* Frameworks */,
				3F4796151F5EA5FA003CCCC0 /* Resources */,
			);
			buildRules = (
			);
			dependencies = (
				3F4796191F5EA5FA003CCCC0 /* PBXTargetDependency */,
			);
			name = ControllerTransitionsUITests;
			productName = ControllerTransitionsUITests;
			productReference = 3F4796171F5EA5FA003CCCC0 /* ControllerTransitionsUITests.xctest */;
			productType = "com.apple.product-type.bundle.ui-testing";
		};
/* End PBXNativeTarget section */

/* Begin PBXProject section */
		3F4795F01F5EA5F9003CCCC0 /* Project object */ = {
			isa = PBXProject;
			attributes = {
				LastSwiftUpdateCheck = 0900;
				LastUpgradeCheck = 0900;
				ORGANIZATIONNAME = "Pratmika Shridhar Nayak";
				TargetAttributes = {
					3F4795F71F5EA5F9003CCCC0 = {
						CreatedOnToolsVersion = 9.0;
					};
					3F47960B1F5EA5FA003CCCC0 = {
						CreatedOnToolsVersion = 9.0;
						TestTargetID = 3F4795F71F5EA5F9003CCCC0;
					};
					3F4796161F5EA5FA003CCCC0 = {
						CreatedOnToolsVersion = 9.0;
						TestTargetID = 3F4795F71F5EA5F9003CCCC0;
					};
				};
			};
			buildConfigurationList = 3F4795F31F5EA5F9003CCCC0 /* Build configuration list for PBXProject "ControllerTransitions" */;
			compatibilityVersion = "Xcode 8.0";
			developmentRegion = en;
			hasScannedForEncodings = 0;
			knownRegions = (
				en,
				Base,
			);
			mainGroup = 3F4795EF1F5EA5F9003CCCC0;
			productRefGroup = 3F4795F91F5EA5F9003CCCC0 /* Products */;
			projectDirPath = "";
			projectRoot = "";
			targets = (
				3F4795F71F5EA5F9003CCCC0 /* ControllerTransitions */,
				3F47960B1F5EA5FA003CCCC0 /* ControllerTransitionsTests */,
				3F4796161F5EA5FA003CCCC0 /* ControllerTransitionsUITests */,
			);
		};
/* End PBXProject section */

/* Begin PBXResourcesBuildPhase section */
		3F4795F61F5EA5F9003CCCC0 /* Resources */ = {
			isa = PBXResourcesBuildPhase;
			buildActionMask = 2147483647;
			files = (
				3F47963C1F5EBBF4003CCCC0 /* ViewControllerA.xib in Resources */,
				3F4796301F5EA62A003CCCC0 /* ViewControllerB.xib in Resources */,
				3F4796061F5EA5F9003CCCC0 /* LaunchScreen.storyboard in Resources */,
				3F4796381F5EA63F003CCCC0 /* ViewControllerD.xib in Resources */,
				3F4796341F5EA633003CCCC0 /* ViewControllerC.xib in Resources */,
				3F4796031F5EA5F9003CCCC0 /* Assets.xcassets in Resources */,
			);
			runOnlyForDeploymentPostprocessing = 0;
		};
		3F47960A1F5EA5FA003CCCC0 /* Resources */ = {
			isa = PBXResourcesBuildPhase;
			buildActionMask = 2147483647;
			files = (
			);
			runOnlyForDeploymentPostprocessing = 0;
		};
		3F4796151F5EA5FA003CCCC0 /* Resources */ = {
			isa = PBXResourcesBuildPhase;
			buildActionMask = 2147483647;
			files = (
			);
			runOnlyForDeploymentPostprocessing = 0;
		};
/* End PBXResourcesBuildPhase section */

/* Begin PBXSourcesBuildPhase section */
		3F4795F41F5EA5F9003CCCC0 /* Sources */ = {
			isa = PBXSourcesBuildPhase;
			buildActionMask = 2147483647;
			files = (
				3F47962F1F5EA62A003CCCC0 /* ViewControllerB.swift in Sources */,
				3F4796371F5EA63F003CCCC0 /* ViewControllerD.swift in Sources */,
				3F4796331F5EA633003CCCC0 /* ViewControllerC.swift in Sources */,
				3F47963B1F5EBBF4003CCCC0 /* ViewControllerA.swift in Sources */,
				3F4795FC1F5EA5F9003CCCC0 /* AppDelegate.swift in Sources */,
			);
			runOnlyForDeploymentPostprocessing = 0;
		};
		3F4796081F5EA5FA003CCCC0 /* Sources */ = {
			isa = PBXSourcesBuildPhase;
			buildActionMask = 2147483647;
			files = (
				3F4796111F5EA5FA003CCCC0 /* ControllerTransitionsTests.swift in Sources */,
			);
			runOnlyForDeploymentPostprocessing = 0;
		};
		3F4796131F5EA5FA003CCCC0 /* Sources */ = {
			isa = PBXSourcesBuildPhase;
			buildActionMask = 2147483647;
			files = (
				3F47961C1F5EA5FA003CCCC0 /* ControllerTransitionsUITests.swift in Sources */,
			);
			runOnlyForDeploymentPostprocessing = 0;
		};
/* End PBXSourcesBuildPhase section */

/* Begin PBXTargetDependency section */
		3F47960E1F5EA5FA003CCCC0 /* PBXTargetDependency */ = {
			isa = PBXTargetDependency;
			target = 3F4795F71F5EA5F9003CCCC0 /* ControllerTransitions */;
			targetProxy = 3F47960D1F5EA5FA003CCCC0 /* PBXContainerItemProxy */;
		};
		3F4796191F5EA5FA003CCCC0 /* PBXTargetDependency */ = {
			isa = PBXTargetDependency;
			target = 3F4795F71F5EA5F9003CCCC0 /* ControllerTransitions */;
			targetProxy = 3F4796181F5EA5FA003CCCC0 /* PBXContainerItemProxy */;
		};
/* End PBXTargetDependency section */

/* Begin PBXVariantGroup section */
		3F4796041F5EA5F9003CCCC0 /* LaunchScreen.storyboard */ = {
			isa = PBXVariantGroup;
			children = (
				3F4796051F5EA5F9003CCCC0 /* Base */,
			);
			name = LaunchScreen.storyboard;
			sourceTree = "<group>";
		};
/* End PBXVariantGroup section */

/* Begin XCBuildConfiguration section */
		3F47961E1F5EA5FA003CCCC0 /* Debug */ = {
			isa = XCBuildConfiguration;
			buildSettings = {
				ALWAYS_SEARCH_USER_PATHS = NO;
				CLANG_ANALYZER_NONNULL = YES;
				CLANG_ANALYZER_NUMBER_OBJECT_CONVERSION = YES_AGGRESSIVE;
				CLANG_CXX_LANGUAGE_STANDARD = "gnu++14";
				CLANG_CXX_LIBRARY = "libc++";
				CLANG_ENABLE_MODULES = YES;
				CLANG_ENABLE_OBJC_ARC = YES;
				CLANG_WARN_BLOCK_CAPTURE_AUTORELEASING = YES;
				CLANG_WARN_BOOL_CONVERSION = YES;
				CLANG_WARN_COMMA = YES;
				CLANG_WARN_CONSTANT_CONVERSION = YES;
				CLANG_WARN_DIRECT_OBJC_ISA_USAGE = YES_ERROR;
				CLANG_WARN_DOCUMENTATION_COMMENTS = YES;
				CLANG_WARN_EMPTY_BODY = YES;
				CLANG_WARN_ENUM_CONVERSION = YES;
				CLANG_WARN_INFINITE_RECURSION = YES;
				CLANG_WARN_INT_CONVERSION = YES;
				CLANG_WARN_NON_LITERAL_NULL_CONVERSION = YES;
				CLANG_WARN_OBJC_LITERAL_CONVERSION = YES;
				CLANG_WARN_OBJC_ROOT_CLASS = YES_ERROR;
				CLANG_WARN_RANGE_LOOP_ANALYSIS = YES;
				CLANG_WARN_STRICT_PROTOTYPES = YES;
				CLANG_WARN_SUSPICIOUS_MOVE = YES;
				CLANG_WARN_UNGUARDED_AVAILABILITY = YES_AGGRESSIVE;
				CLANG_WARN_UNREACHABLE_CODE = YES;
				CLANG_WARN__DUPLICATE_METHOD_MATCH = YES;
				CODE_SIGN_IDENTITY = "iPhone Developer";
				COPY_PHASE_STRIP = NO;
				DEBUG_INFORMATION_FORMAT = dwarf;
				ENABLE_STRICT_OBJC_MSGSEND = YES;
				ENABLE_TESTABILITY = YES;
				GCC_C_LANGUAGE_STANDARD = gnu11;
				GCC_DYNAMIC_NO_PIC = NO;
				GCC_NO_COMMON_BLOCKS = YES;
				GCC_OPTIMIZATION_LEVEL = 0;
				GCC_PREPROCESSOR_DEFINITIONS = (
					"DEBUG=1",
					"$(inherited)",
				);
				GCC_WARN_64_TO_32_BIT_CONVERSION = YES;
				GCC_WARN_ABOUT_RETURN_TYPE = YES_ERROR;
				GCC_WARN_UNDECLARED_SELECTOR = YES;
				GCC_WARN_UNINITIALIZED_AUTOS = YES_AGGRESSIVE;
				GCC_WARN_UNUSED_FUNCTION = YES;
				GCC_WARN_UNUSED_VARIABLE = YES;
				IPHONEOS_DEPLOYMENT_TARGET = 11.0;
				MTL_ENABLE_DEBUG_INFO = YES;
				ONLY_ACTIVE_ARCH = YES;
				SDKROOT = iphoneos;
				SWIFT_ACTIVE_COMPILATION_CONDITIONS = DEBUG;
				SWIFT_OPTIMIZATION_LEVEL = "-Onone";
			};
			name = Debug;
		};
		3F47961F1F5EA5FA003CCCC0 /* Release */ = {
			isa = XCBuildConfiguration;
			buildSettings = {
				ALWAYS_SEARCH_USER_PATHS = NO;
				CLANG_ANALYZER_NONNULL = YES;
				CLANG_ANALYZER_NUMBER_OBJECT_CONVERSION = YES_AGGRESSIVE;
				CLANG_CXX_LANGUAGE_STANDARD = "gnu++14";
				CLANG_CXX_LIBRARY = "libc++";
				CLANG_ENABLE_MODULES = YES;
				CLANG_ENABLE_OBJC_ARC = YES;
				CLANG_WARN_BLOCK_CAPTURE_AUTORELEASING = YES;
				CLANG_WARN_BOOL_CONVERSION = YES;
				CLANG_WARN_COMMA = YES;
				CLANG_WARN_CONSTANT_CONVERSION = YES;
				CLANG_WARN_DIRECT_OBJC_ISA_USAGE = YES_ERROR;
				CLANG_WARN_DOCUMENTATION_COMMENTS = YES;
				CLANG_WARN_EMPTY_BODY = YES;
				CLANG_WARN_ENUM_CONVERSION = YES;
				CLANG_WARN_INFINITE_RECURSION = YES;
				CLANG_WARN_INT_CONVERSION = YES;
				CLANG_WARN_NON_LITERAL_NULL_CONVERSION = YES;
				CLANG_WARN_OBJC_LITERAL_CONVERSION = YES;
				CLANG_WARN_OBJC_ROOT_CLASS = YES_ERROR;
				CLANG_WARN_RANGE_LOOP_ANALYSIS = YES;
				CLANG_WARN_STRICT_PROTOTYPES = YES;
				CLANG_WARN_SUSPICIOUS_MOVE = YES;
				CLANG_WARN_UNGUARDED_AVAILABILITY = YES_AGGRESSIVE;
				CLANG_WARN_UNREACHABLE_CODE = YES;
				CLANG_WARN__DUPLICATE_METHOD_MATCH = YES;
				CODE_SIGN_IDENTITY = "iPhone Developer";
				COPY_PHASE_STRIP = NO;
				DEBUG_INFORMATION_FORMAT = "dwarf-with-dsym";
				ENABLE_NS_ASSERTIONS = NO;
				ENABLE_STRICT_OBJC_MSGSEND = YES;
				GCC_C_LANGUAGE_STANDARD = gnu11;
				GCC_NO_COMMON_BLOCKS = YES;
				GCC_WARN_64_TO_32_BIT_CONVERSION = YES;
				GCC_WARN_ABOUT_RETURN_TYPE = YES_ERROR;
				GCC_WARN_UNDECLARED_SELECTOR = YES;
				GCC_WARN_UNINITIALIZED_AUTOS = YES_AGGRESSIVE;
				GCC_WARN_UNUSED_FUNCTION = YES;
				GCC_WARN_UNUSED_VARIABLE = YES;
				IPHONEOS_DEPLOYMENT_TARGET = 11.0;
				MTL_ENABLE_DEBUG_INFO = NO;
				SDKROOT = iphoneos;
				SWIFT_OPTIMIZATION_LEVEL = "-Owholemodule";
				VALIDATE_PRODUCT = YES;
			};
			name = Release;
		};
		3F4796211F5EA5FA003CCCC0 /* Debug */ = {
			isa = XCBuildConfiguration;
			buildSettings = {
				ASSETCATALOG_COMPILER_APPICON_NAME = AppIcon;
				INFOPLIST_FILE = ControllerTransitions/Info.plist;
				LD_RUNPATH_SEARCH_PATHS = "$(inherited) @executable_path/Frameworks";
				PRODUCT_BUNDLE_IDENTIFIER = com.yml.ControllerTransitions;
				PRODUCT_NAME = "$(TARGET_NAME)";
				SWIFT_VERSION = 4.0;
				TARGETED_DEVICE_FAMILY = "1,2";
			};
			name = Debug;
		};
		3F4796221F5EA5FA003CCCC0 /* Release */ = {
			isa = XCBuildConfiguration;
			buildSettings = {
				ASSETCATALOG_COMPILER_APPICON_NAME = AppIcon;
				INFOPLIST_FILE = ControllerTransitions/Info.plist;
				LD_RUNPATH_SEARCH_PATHS = "$(inherited) @executable_path/Frameworks";
				PRODUCT_BUNDLE_IDENTIFIER = com.yml.ControllerTransitions;
				PRODUCT_NAME = "$(TARGET_NAME)";
				SWIFT_VERSION = 4.0;
				TARGETED_DEVICE_FAMILY = "1,2";
			};
			name = Release;
		};
		3F4796241F5EA5FA003CCCC0 /* Debug */ = {
			isa = XCBuildConfiguration;
			buildSettings = {
				ALWAYS_EMBED_SWIFT_STANDARD_LIBRARIES = YES;
				BUNDLE_LOADER = "$(TEST_HOST)";
				INFOPLIST_FILE = ControllerTransitionsTests/Info.plist;
				LD_RUNPATH_SEARCH_PATHS = "$(inherited) @executable_path/Frameworks @loader_path/Frameworks";
				PRODUCT_BUNDLE_IDENTIFIER = com.yml.ControllerTransitionsTests;
				PRODUCT_NAME = "$(TARGET_NAME)";
				SWIFT_VERSION = 4.0;
				TARGETED_DEVICE_FAMILY = "1,2";
				TEST_HOST = "$(BUILT_PRODUCTS_DIR)/ControllerTransitions.app/ControllerTransitions";
			};
			name = Debug;
		};
		3F4796251F5EA5FA003CCCC0 /* Release */ = {
			isa = XCBuildConfiguration;
			buildSettings = {
				ALWAYS_EMBED_SWIFT_STANDARD_LIBRARIES = YES;
				BUNDLE_LOADER = "$(TEST_HOST)";
				INFOPLIST_FILE = ControllerTransitionsTests/Info.plist;
				LD_RUNPATH_SEARCH_PATHS = "$(inherited) @executable_path/Frameworks @loader_path/Frameworks";
				PRODUCT_BUNDLE_IDENTIFIER = com.yml.ControllerTransitionsTests;
				PRODUCT_NAME = "$(TARGET_NAME)";
				SWIFT_VERSION = 4.0;
				TARGETED_DEVICE_FAMILY = "1,2";
				TEST_HOST = "$(BUILT_PRODUCTS_DIR)/ControllerTransitions.app/ControllerTransitions";
			};
			name = Release;
		};
		3F4796271F5EA5FA003CCCC0 /* Debug */ = {
			isa = XCBuildConfiguration;
			buildSettings = {
				ALWAYS_EMBED_SWIFT_STANDARD_LIBRARIES = YES;
				INFOPLIST_FILE = ControllerTransitionsUITests/Info.plist;
				LD_RUNPATH_SEARCH_PATHS = "$(inherited) @executable_path/Frameworks @loader_path/Frameworks";
				PRODUCT_BUNDLE_IDENTIFIER = com.yml.ControllerTransitionsUITests;
				PRODUCT_NAME = "$(TARGET_NAME)";
				SWIFT_VERSION = 4.0;
				TARGETED_DEVICE_FAMILY = "1,2";
				TEST_TARGET_NAME = ControllerTransitions;
			};
			name = Debug;
		};
		3F4796281F5EA5FA003CCCC0 /* Release */ = {
			isa = XCBuildConfiguration;
			buildSettings = {
				ALWAYS_EMBED_SWIFT_STANDARD_LIBRARIES = YES;
				INFOPLIST_FILE = ControllerTransitionsUITests/Info.plist;
				LD_RUNPATH_SEARCH_PATHS = "$(inherited) @executable_path/Frameworks @loader_path/Frameworks";
				PRODUCT_BUNDLE_IDENTIFIER = com.yml.ControllerTransitionsUITests;
				PRODUCT_NAME = "$(TARGET_NAME)";
				SWIFT_VERSION = 4.0;
				TARGETED_DEVICE_FAMILY = "1,2";
				TEST_TARGET_NAME = ControllerTransitions;
			};
			name = Release;
		};
/* End XCBuildConfiguration section */

/* Begin XCConfigurationList section */
		3F4795F31F5EA5F9003CCCC0 /* Build configuration list for PBXProject "ControllerTransitions" */ = {
			isa = XCConfigurationList;
			buildConfigurations = (
				3F47961E1F5EA5FA003CCCC0 /* Debug */,
				3F47961F1F5EA5FA003CCCC0 /* Release */,
			);
			defaultConfigurationIsVisible = 0;
			defaultConfigurationName = Release;
		};
		3F4796201F5EA5FA003CCCC0 /* Build configuration list for PBXNativeTarget "ControllerTransitions" */ = {
			isa = XCConfigurationList;
			buildConfigurations = (
				3F4796211F5EA5FA003CCCC0 /* Debug */,
				3F4796221F5EA5FA003CCCC0 /* Release */,
			);
			defaultConfigurationIsVisible = 0;
			defaultConfigurationName = Release;
		};
		3F4796231F5EA5FA003CCCC0 /* Build configuration list for PBXNativeTarget "ControllerTransitionsTests" */ = {
			isa = XCConfigurationList;
			buildConfigurations = (
				3F4796241F5EA5FA003CCCC0 /* Debug */,
				3F4796251F5EA5FA003CCCC0 /* Release */,
			);
			defaultConfigurationIsVisible = 0;
			defaultConfigurationName = Release;
		};
		3F4796261F5EA5FA003CCCC0 /* Build configuration list for PBXNativeTarget "ControllerTransitionsUITests" */ = {
			isa = XCConfigurationList;
			buildConfigurations = (
				3F4796271F5EA5FA003CCCC0 /* Debug */,
				3F4796281F5EA5FA003CCCC0 /* Release */,
			);
			defaultConfigurationIsVisible = 0;
			defaultConfigurationName = Release;
		};
/* End XCConfigurationList section */
	};
	rootObject = 3F4795F01F5EA5F9003CCCC0 /* Project object */;
}
